
Microsoft Visual Studio Solution File, Format Version 12.00
# Visual Studio Version 17
VisualStudioVersion = 17.4.33205.214
MinimumVisualStudioVersion = 10.0.40219.1
Project("{2150E333-8FDC-42A3-9474-1A3956D46DE8}") = "App", "App", "{50A78EDD-EBD3-4E64-A6F1-930BCD653106}"
EndProject
Project("{FAE04EC0-301F-11D3-BF4B-00C04F79EFBC}") = "Repository", "Repository\Repository.csproj", "{60A683A7-5215-4838-B6CB-1A1B4EAF99E8}"
EndProject
Project("{2150E333-8FDC-42A3-9474-1A3956D46DE8}") = "Presentation", "Presentation", "{5D146DDA-8929-46F5-AE98-77DBAED56A3C}"
EndProject
Project("{2150E333-8FDC-42A3-9474-1A3956D46DE8}") = "Model", "Model", "{E334BC8A-CB1D-4512-AC2B-B6E0FB77C242}"
EndProject
Project("{FAE04EC0-301F-11D3-BF4B-00C04F79EFBC}") = "Entity", "Entity\Entity.csproj", "{0FA385BB-C57F-4BA9-B35D-E35D3EDCB7F4}"
EndProject
Project("{FAE04EC0-301F-11D3-BF4B-00C04F79EFBC}") = "ViewModel", "ViewModel\ViewModel.csproj", "{0B1E6437-EDD5-4212-92A7-0C7A9BCDA144}"
EndProject
Project("{FAE04EC0-301F-11D3-BF4B-00C04F79EFBC}") = "api", "api\api.csproj", "{6872F266-FAE7-4DC3-9555-F5F7997FE8E4}"
EndProject
Project("{54A90642-561A-4BB1-A94E-469ADEE60C69}") = "ui", "ui\ui.esproj", "{17C05CE6-9E9B-4BE0-B26D-20178703F79F}"
EndProject
Project("{FAE04EC0-301F-11D3-BF4B-00C04F79EFBC}") = "Context", "Context\Context.csproj", "{A9CA1425-71F8-4E40-9239-CCEDFBD5E654}"
EndProject
Project("{FAE04EC0-301F-11D3-BF4B-00C04F79EFBC}") = "UnitOfWork", "UnitOfWork\UnitOfWork.csproj", "{47D521BE-34CA-47C9-9DE2-5E735CAAB6AC}"
EndProject
Global
	GlobalSection(SolutionConfigurationPlatforms) = preSolution
		Debug|Any CPU = Debug|Any CPU
		Release|Any CPU = Release|Any CPU
	EndGlobalSection
	GlobalSection(ProjectConfigurationPlatforms) = postSolution
		{60A683A7-5215-4838-B6CB-1A1B4EAF99E8}.Debug|Any CPU.ActiveCfg = Debug|Any CPU
		{60A683A7-5215-4838-B6CB-1A1B4EAF99E8}.Debug|Any CPU.Build.0 = Debug|Any CPU
		{60A683A7-5215-4838-B6CB-1A1B4EAF99E8}.Release|Any CPU.ActiveCfg = Release|Any CPU
		{60A683A7-5215-4838-B6CB-1A1B4EAF99E8}.Release|Any CPU.Build.0 = Release|Any CPU
		{0FA385BB-C57F-4BA9-B35D-E35D3EDCB7F4}.Debug|Any CPU.ActiveCfg = Debug|Any CPU
		{0FA385BB-C57F-4BA9-B35D-E35D3EDCB7F4}.Debug|Any CPU.Build.0 = Debug|Any CPU
		{0FA385BB-C57F-4BA9-B35D-E35D3EDCB7F4}.Release|Any CPU.ActiveCfg = Release|Any CPU
		{0FA385BB-C57F-4BA9-B35D-E35D3EDCB7F4}.Release|Any CPU.Build.0 = Release|Any CPU
		{0B1E6437-EDD5-4212-92A7-0C7A9BCDA144}.Debug|Any CPU.ActiveCfg = Debug|Any CPU
		{0B1E6437-EDD5-4212-92A7-0C7A9BCDA144}.Debug|Any CPU.Build.0 = Debug|Any CPU
		{0B1E6437-EDD5-4212-92A7-0C7A9BCDA144}.Release|Any CPU.ActiveCfg = Release|Any CPU
		{0B1E6437-EDD5-4212-92A7-0C7A9BCDA144}.Release|Any CPU.Build.0 = Release|Any CPU
		{6872F266-FAE7-4DC3-9555-F5F7997FE8E4}.Debug|Any CPU.ActiveCfg = Debug|Any CPU
		{6872F266-FAE7-4DC3-9555-F5F7997FE8E4}.Debug|Any CPU.Build.0 = Debug|Any CPU
		{6872F266-FAE7-4DC3-9555-F5F7997FE8E4}.Release|Any CPU.ActiveCfg = Release|Any CPU
		{6872F266-FAE7-4DC3-9555-F5F7997FE8E4}.Release|Any CPU.Build.0 = Release|Any CPU
		{17C05CE6-9E9B-4BE0-B26D-20178703F79F}.Debug|Any CPU.ActiveCfg = Debug|Any CPU
		{17C05CE6-9E9B-4BE0-B26D-20178703F79F}.Debug|Any CPU.Build.0 = Debug|Any CPU
		{17C05CE6-9E9B-4BE0-B26D-20178703F79F}.Debug|Any CPU.Deploy.0 = Debug|Any CPU
		{17C05CE6-9E9B-4BE0-B26D-20178703F79F}.Release|Any CPU.ActiveCfg = Release|Any CPU
		{17C05CE6-9E9B-4BE0-B26D-20178703F79F}.Release|Any CPU.Build.0 = Release|Any CPU
		{17C05CE6-9E9B-4BE0-B26D-20178703F79F}.Release|Any CPU.Deploy.0 = Release|Any CPU
		{A9CA1425-71F8-4E40-9239-CCEDFBD5E654}.Debug|Any CPU.ActiveCfg = Debug|Any CPU
		{A9CA1425-71F8-4E40-9239-CCEDFBD5E654}.Debug|Any CPU.Build.0 = Debug|Any CPU
		{A9CA1425-71F8-4E40-9239-CCEDFBD5E654}.Release|Any CPU.ActiveCfg = Release|Any CPU
		{A9CA1425-71F8-4E40-9239-CCEDFBD5E654}.Release|Any CPU.Build.0 = Release|Any CPU
		{47D521BE-34CA-47C9-9DE2-5E735CAAB6AC}.Debug|Any CPU.ActiveCfg = Debug|Any CPU
		{47D521BE-34CA-47C9-9DE2-5E735CAAB6AC}.Debug|Any CPU.Build.0 = Debug|Any CPU
		{47D521BE-34CA-47C9-9DE2-5E735CAAB6AC}.Release|Any CPU.ActiveCfg = Release|Any CPU
		{47D521BE-34CA-47C9-9DE2-5E735CAAB6AC}.Release|Any CPU.Build.0 = Release|Any CPU
	EndGlobalSection
	GlobalSection(SolutionProperties) = preSolution
		HideSolutionNode = FALSE
	EndGlobalSection
	GlobalSection(NestedProjects) = preSolution
		{60A683A7-5215-4838-B6CB-1A1B4EAF99E8} = {50A78EDD-EBD3-4E64-A6F1-930BCD653106}
		{0FA385BB-C57F-4BA9-B35D-E35D3EDCB7F4} = {E334BC8A-CB1D-4512-AC2B-B6E0FB77C242}
		{0B1E6437-EDD5-4212-92A7-0C7A9BCDA144} = {E334BC8A-CB1D-4512-AC2B-B6E0FB77C242}
		{6872F266-FAE7-4DC3-9555-F5F7997FE8E4} = {5D146DDA-8929-46F5-AE98-77DBAED56A3C}
		{17C05CE6-9E9B-4BE0-B26D-20178703F79F} = {5D146DDA-8929-46F5-AE98-77DBAED56A3C}
		{A9CA1425-71F8-4E40-9239-CCEDFBD5E654} = {50A78EDD-EBD3-4E64-A6F1-930BCD653106}
		{47D521BE-34CA-47C9-9DE2-5E735CAAB6AC} = {50A78EDD-EBD3-4E64-A6F1-930BCD653106}
	EndGlobalSection
	GlobalSection(ExtensibilityGlobals) = postSolution
		SolutionGuid = {55B7953E-6FD1-4036-8314-B84ED5BA8BE5}
	EndGlobalSection
EndGlobal
